
Microsoft Visual Studio Solution File, Format Version 12.00
# Visual Studio Version 17
VisualStudioVersion = 17.10.34928.147
MinimumVisualStudioVersion = 10.0.40219.1
Project("{FAE04EC0-301F-11D3-BF4B-00C04F79EFBC}") = "BookLib", "BookLib\BookLib.csproj", "{0D042AE6-EB6A-4E12-B1BD-510C859D9327}"
EndProject
Global
	GlobalSection(SolutionConfigurationPlatforms) = preSolution
		Debug|Any CPU = Debug|Any CPU
		Release|Any CPU = Release|Any CPU
	EndGlobalSection
	GlobalSection(ProjectConfigurationPlatforms) = postSolution
		{0D042AE6-EB6A-4E12-B1BD-510C859D9327}.Debug|Any CPU.ActiveCfg = Debug|Any CPU
		{0D042AE6-EB6A-4E12-B1BD-510C859D9327}.Debug|Any CPU.Build.0 = Debug|Any CPU
		{0D042AE6-EB6A-4E12-B1BD-510C859D9327}.Release|Any CPU.ActiveCfg = Release|Any CPU
		{0D042AE6-EB6A-4E12-B1BD-510C859D9327}.Release|Any CPU.Build.0 = Release|Any CPU
	EndGlobalSection
	GlobalSection(SolutionProperties) = preSolution
		HideSolutionNode = FALSE
	EndGlobalSection
	GlobalSection(ExtensibilityGlobals) = postSolution
		SolutionGuid = {ED2A044C-8D8B-4CDC-8338-CD961445491D}
	EndGlobalSection
EndGlobal
